
Microsoft Visual Studio Solution File, Format Version 12.00
# Visual Studio Version 16
VisualStudioVersion = 16.0.32106.194
MinimumVisualStudioVersion = 10.0.40219.1
Project("{FAE04EC0-301F-11D3-BF4B-00C04F79EFBC}") = "MvcOnlineTicariOtomasyon", "MvcOnlineTicariOtomasyon\MvcOnlineTicariOtomasyon.csproj", "{2B95893E-ADF0-4CC0-B668-67FF679CE3D3}"
EndProject
Global
	GlobalSection(SolutionConfigurationPlatforms) = preSolution
		Debug|Any CPU = Debug|Any CPU
		Release|Any CPU = Release|Any CPU
	EndGlobalSection
	GlobalSection(ProjectConfigurationPlatforms) = postSolution
		{2B95893E-ADF0-4CC0-B668-67FF679CE3D3}.Debug|Any CPU.ActiveCfg = Debug|Any CPU
		{2B95893E-ADF0-4CC0-B668-67FF679CE3D3}.Debug|Any CPU.Build.0 = Debug|Any CPU
		{2B95893E-ADF0-4CC0-B668-67FF679CE3D3}.Release|Any CPU.ActiveCfg = Release|Any CPU
		{2B95893E-ADF0-4CC0-B668-67FF679CE3D3}.Release|Any CPU.Build.0 = Release|Any CPU
	EndGlobalSection
	GlobalSection(SolutionProperties) = preSolution
		HideSolutionNode = FALSE
	EndGlobalSection
	GlobalSection(ExtensibilityGlobals) = postSolution
		SolutionGuid = {9ECFCFFD-4DEE-45CF-8E0E-17F15734807A}
	EndGlobalSection
EndGlobal
